
Microsoft Visual Studio Solution File, Format Version 12.00
# Visual Studio Version 17
VisualStudioVersion = 17.14.36518.9
MinimumVisualStudioVersion = 10.0.40219.1
Project("{FAE04EC0-301F-11D3-BF4B-00C04F79EFBC}") = "OpenGlobe", "OpenGlobe\OpenGlobe.csproj", "{ED9A58DA-C6BE-C088-9CED-8FCDAC58AB16}"
EndProject
Project("{2150E333-8FDC-42A3-9474-1A3956D46DE8}") = "Examples", "Examples", "{02EA681E-C7D8-13C7-8484-4AC65E1B71E8}"
EndProject
Project("{2150E333-8FDC-42A3-9474-1A3956D46DE8}") = "Chapter02", "Chapter02", "{68378A35-C01C-4928-8332-4F5AC8BA719D}"
EndProject
Project("{FAE04EC0-301F-11D3-BF4B-00C04F79EFBC}") = "Chapter02Curves", "Examples\Chapter02\Curves\Chapter02Curves.csproj", "{0D2FB412-38C9-D902-E2FE-B7E50AD084B3}"
EndProject
Project("{FAE04EC0-301F-11D3-BF4B-00C04F79EFBC}") = "Chapter02EllipsoidSurfaceNormals", "Examples\Chapter02\EllipsoidSurfaceNormals\Chapter02EllipsoidSurfaceNormals.csproj", "{0D55A4B9-CF85-3F44-9750-AC548E50ABFB}"
EndProject
Project("{2150E333-8FDC-42A3-9474-1A3956D46DE8}") = "Chapter03", "Chapter03", "{A80F247B-95C4-49B9-AD3F-9B37DBB04B53}"
EndProject
Project("{FAE04EC0-301F-11D3-BF4B-00C04F79EFBC}") = "Chapter03Triangle", "Examples\Chapter03\Triangle\Chapter03Triangle.csproj", "{7F2B6ABA-0126-D6D6-2A0B-FE33E277E356}"
EndProject
Project("{2150E333-8FDC-42A3-9474-1A3956D46DE8}") = "Chapter04", "Chapter04", "{C26F3942-F477-469D-A7A6-BB55CFD62A5F}"
EndProject
Project("{FAE04EC0-301F-11D3-BF4B-00C04F79EFBC}") = "Chapter04GlobeRayCasting", "Examples\Chapter04\GlobeRayCasting\Chapter04GlobeRayCasting.csproj", "{CAF5E81E-AD38-1F19-D867-D0ABC3CB3E17}"
EndProject
Project("{FAE04EC0-301F-11D3-BF4B-00C04F79EFBC}") = "Chapter04LatitudeLongitudeGrid", "Examples\Chapter04\LatitudeLongitudeGrid\Chapter04LatitudeLongitudeGrid.csproj", "{EAE75DDB-091B-1C35-3EC1-62AEB76AD8A3}"
EndProject
Project("{FAE04EC0-301F-11D3-BF4B-00C04F79EFBC}") = "Chapter04NightLights", "Examples\Chapter04\NightLights\Chapter04NightLights.csproj", "{640A8C13-A2AB-D026-AAC5-1228D7637FC5}"
EndProject
Project("{FAE04EC0-301F-11D3-BF4B-00C04F79EFBC}") = "Chapter04SubdivisionSphere1", "Examples\Chapter04\SubdivisionSphere1\Chapter04SubdivisionSphere1.csproj", "{2A2D78F7-ECEC-B79A-8570-916705B5A07D}"
EndProject
Project("{FAE04EC0-301F-11D3-BF4B-00C04F79EFBC}") = "Chapter04SubdivisionSphere2", "Examples\Chapter04\SubdivisionSphere2\Chapter04SubdivisionSphere2.csproj", "{06FD74D2-1ACF-5630-6BFC-4231ED6867A2}"
EndProject
Project("{2150E333-8FDC-42A3-9474-1A3956D46DE8}") = "Chapter05", "Chapter05", "{3FE2431D-BF4A-40C6-9DF8-FBD18B1B847B}"
EndProject
Project("{FAE04EC0-301F-11D3-BF4B-00C04F79EFBC}") = "Chapter05Jitter", "Examples\Chapter05\Jitter\Chapter05Jitter.csproj", "{2B41BAA1-13C9-36C3-200D-F1B1BB78C9E9}"
EndProject
Project("{2150E333-8FDC-42A3-9474-1A3956D46DE8}") = "Chapter06", "Chapter06", "{739FA7A9-71BE-4A53-B84B-50B2D2C86777}"
EndProject
Project("{FAE04EC0-301F-11D3-BF4B-00C04F79EFBC}") = "Chapter06DepthBufferPrecision", "Examples\Chapter06\DepthBufferPrecision\Chapter06DepthBufferPrecision.csproj", "{B24E7F4C-3C8A-6CC7-EAFA-7EAAC8FC5298}"
EndProject
Project("{2150E333-8FDC-42A3-9474-1A3956D46DE8}") = "Chapter07", "Chapter07", "{3DF511BB-FF9D-4D40-BAC4-0415CBFB0D9D}"
EndProject
Project("{FAE04EC0-301F-11D3-BF4B-00C04F79EFBC}") = "Chapter07VectorData", "Examples\Chapter07\VectorData\Chapter07VectorData.csproj", "{C516A0E0-8EBF-1C85-9A81-73FE81E68077}"
EndProject
Project("{2150E333-8FDC-42A3-9474-1A3956D46DE8}") = "Chapter10", "Chapter10", "{B012CFC4-8B6E-43A0-9EDB-C4E2718D0159}"
EndProject
Project("{2150E333-8FDC-42A3-9474-1A3956D46DE8}") = "Chapter11", "Chapter11", "{65C01233-775F-47E7-88B2-4B9EE60B5525}"
EndProject
Project("{FAE04EC0-301F-11D3-BF4B-00C04F79EFBC}") = "Chapter11TerrainRayCasting", "Examples\Chapter11\TerrainRayCasting\Chapter11TerrainRayCasting.csproj", "{A2ED73A9-E385-75DE-A9E2-943D7BD93E3C}"
EndProject
Project("{FAE04EC0-301F-11D3-BF4B-00C04F79EFBC}") = "Chapter11TerrainShading", "Examples\Chapter11\TerrainShading\Chapter11TerrainShading.csproj", "{AB4F17BE-7502-0FB6-46D8-3F440CB9A637}"
EndProject
Project("{2150E333-8FDC-42A3-9474-1A3956D46DE8}") = "Chapter13", "Chapter13", "{2961ABC0-FF89-4B98-B026-021077B699E0}"
EndProject
Project("{FAE04EC0-301F-11D3-BF4B-00C04F79EFBC}") = "Chapter13ClipmapTerrainOnGlobe", "Examples\Chapter13\ClipmapTerrainOnGlobe\Chapter13ClipmapTerrainOnGlobe.csproj", "{5A88F1E8-23CD-7FE3-CBBC-D66823061432}"
EndProject
Project("{2150E333-8FDC-42A3-9474-1A3956D46DE8}") = "Research", "Research", "{1A813532-6526-4F17-BD62-96FC6A570569}"
EndProject
Project("{FAE04EC0-301F-11D3-BF4B-00C04F79EFBC}") = "ResearchLinesOnTerrain", "Research\LinesOnTerrain\ResearchLinesOnTerrain.csproj", "{22897BBF-9514-BAA0-D735-5A4414A9DB22}"
EndProject
Global
	GlobalSection(SolutionConfigurationPlatforms) = preSolution
		Debug|Any CPU = Debug|Any CPU
		Release|Any CPU = Release|Any CPU
	EndGlobalSection
	GlobalSection(ProjectConfigurationPlatforms) = postSolution
		{ED9A58DA-C6BE-C088-9CED-8FCDAC58AB16}.Debug|Any CPU.ActiveCfg = Debug|Any CPU
		{ED9A58DA-C6BE-C088-9CED-8FCDAC58AB16}.Debug|Any CPU.Build.0 = Debug|Any CPU
		{ED9A58DA-C6BE-C088-9CED-8FCDAC58AB16}.Release|Any CPU.ActiveCfg = Release|Any CPU
		{ED9A58DA-C6BE-C088-9CED-8FCDAC58AB16}.Release|Any CPU.Build.0 = Release|Any CPU
		{0D2FB412-38C9-D902-E2FE-B7E50AD084B3}.Debug|Any CPU.ActiveCfg = Debug|Any CPU
		{0D2FB412-38C9-D902-E2FE-B7E50AD084B3}.Debug|Any CPU.Build.0 = Debug|Any CPU
		{0D2FB412-38C9-D902-E2FE-B7E50AD084B3}.Release|Any CPU.ActiveCfg = Release|Any CPU
		{0D2FB412-38C9-D902-E2FE-B7E50AD084B3}.Release|Any CPU.Build.0 = Release|Any CPU
		{0D55A4B9-CF85-3F44-9750-AC548E50ABFB}.Debug|Any CPU.ActiveCfg = Debug|Any CPU
		{0D55A4B9-CF85-3F44-9750-AC548E50ABFB}.Debug|Any CPU.Build.0 = Debug|Any CPU
		{0D55A4B9-CF85-3F44-9750-AC548E50ABFB}.Release|Any CPU.ActiveCfg = Release|Any CPU
		{0D55A4B9-CF85-3F44-9750-AC548E50ABFB}.Release|Any CPU.Build.0 = Release|Any CPU
		{7F2B6ABA-0126-D6D6-2A0B-FE33E277E356}.Debug|Any CPU.ActiveCfg = Debug|Any CPU
		{7F2B6ABA-0126-D6D6-2A0B-FE33E277E356}.Debug|Any CPU.Build.0 = Debug|Any CPU
		{7F2B6ABA-0126-D6D6-2A0B-FE33E277E356}.Release|Any CPU.ActiveCfg = Release|Any CPU
		{7F2B6ABA-0126-D6D6-2A0B-FE33E277E356}.Release|Any CPU.Build.0 = Release|Any CPU
		{CAF5E81E-AD38-1F19-D867-D0ABC3CB3E17}.Debug|Any CPU.ActiveCfg = Debug|Any CPU
		{CAF5E81E-AD38-1F19-D867-D0ABC3CB3E17}.Debug|Any CPU.Build.0 = Debug|Any CPU
		{CAF5E81E-AD38-1F19-D867-D0ABC3CB3E17}.Release|Any CPU.ActiveCfg = Release|Any CPU
		{CAF5E81E-AD38-1F19-D867-D0ABC3CB3E17}.Release|Any CPU.Build.0 = Release|Any CPU
		{EAE75DDB-091B-1C35-3EC1-62AEB76AD8A3}.Debug|Any CPU.ActiveCfg = Debug|Any CPU
		{EAE75DDB-091B-1C35-3EC1-62AEB76AD8A3}.Debug|Any CPU.Build.0 = Debug|Any CPU
		{EAE75DDB-091B-1C35-3EC1-62AEB76AD8A3}.Release|Any CPU.ActiveCfg = Release|Any CPU
		{EAE75DDB-091B-1C35-3EC1-62AEB76AD8A3}.Release|Any CPU.Build.0 = Release|Any CPU
		{640A8C13-A2AB-D026-AAC5-1228D7637FC5}.Debug|Any CPU.ActiveCfg = Debug|Any CPU
		{640A8C13-A2AB-D026-AAC5-1228D7637FC5}.Debug|Any CPU.Build.0 = Debug|Any CPU
		{640A8C13-A2AB-D026-AAC5-1228D7637FC5}.Release|Any CPU.ActiveCfg = Release|Any CPU
		{640A8C13-A2AB-D026-AAC5-1228D7637FC5}.Release|Any CPU.Build.0 = Release|Any CPU
		{2A2D78F7-ECEC-B79A-8570-916705B5A07D}.Debug|Any CPU.ActiveCfg = Debug|Any CPU
		{2A2D78F7-ECEC-B79A-8570-916705B5A07D}.Debug|Any CPU.Build.0 = Debug|Any CPU
		{2A2D78F7-ECEC-B79A-8570-916705B5A07D}.Release|Any CPU.ActiveCfg = Release|Any CPU
		{2A2D78F7-ECEC-B79A-8570-916705B5A07D}.Release|Any CPU.Build.0 = Release|Any CPU
		{06FD74D2-1ACF-5630-6BFC-4231ED6867A2}.Debug|Any CPU.ActiveCfg = Debug|Any CPU
		{06FD74D2-1ACF-5630-6BFC-4231ED6867A2}.Debug|Any CPU.Build.0 = Debug|Any CPU
		{06FD74D2-1ACF-5630-6BFC-4231ED6867A2}.Release|Any CPU.ActiveCfg = Release|Any CPU
		{06FD74D2-1ACF-5630-6BFC-4231ED6867A2}.Release|Any CPU.Build.0 = Release|Any CPU
		{2B41BAA1-13C9-36C3-200D-F1B1BB78C9E9}.Debug|Any CPU.ActiveCfg = Debug|Any CPU
		{2B41BAA1-13C9-36C3-200D-F1B1BB78C9E9}.Debug|Any CPU.Build.0 = Debug|Any CPU
		{2B41BAA1-13C9-36C3-200D-F1B1BB78C9E9}.Release|Any CPU.ActiveCfg = Release|Any CPU
		{2B41BAA1-13C9-36C3-200D-F1B1BB78C9E9}.Release|Any CPU.Build.0 = Release|Any CPU
		{B24E7F4C-3C8A-6CC7-EAFA-7EAAC8FC5298}.Debug|Any CPU.ActiveCfg = Debug|Any CPU
		{B24E7F4C-3C8A-6CC7-EAFA-7EAAC8FC5298}.Debug|Any CPU.Build.0 = Debug|Any CPU
		{B24E7F4C-3C8A-6CC7-EAFA-7EAAC8FC5298}.Release|Any CPU.ActiveCfg = Release|Any CPU
		{B24E7F4C-3C8A-6CC7-EAFA-7EAAC8FC5298}.Release|Any CPU.Build.0 = Release|Any CPU
		{C516A0E0-8EBF-1C85-9A81-73FE81E68077}.Debug|Any CPU.ActiveCfg = Debug|Any CPU
		{C516A0E0-8EBF-1C85-9A81-73FE81E68077}.Debug|Any CPU.Build.0 = Debug|Any CPU
		{C516A0E0-8EBF-1C85-9A81-73FE81E68077}.Release|Any CPU.ActiveCfg = Release|Any CPU
		{C516A0E0-8EBF-1C85-9A81-73FE81E68077}.Release|Any CPU.Build.0 = Release|Any CPU
		{A2ED73A9-E385-75DE-A9E2-943D7BD93E3C}.Debug|Any CPU.ActiveCfg = Debug|Any CPU
		{A2ED73A9-E385-75DE-A9E2-943D7BD93E3C}.Debug|Any CPU.Build.0 = Debug|Any CPU
		{A2ED73A9-E385-75DE-A9E2-943D7BD93E3C}.Release|Any CPU.ActiveCfg = Release|Any CPU
		{A2ED73A9-E385-75DE-A9E2-943D7BD93E3C}.Release|Any CPU.Build.0 = Release|Any CPU
		{AB4F17BE-7502-0FB6-46D8-3F440CB9A637}.Debug|Any CPU.ActiveCfg = Debug|Any CPU
		{AB4F17BE-7502-0FB6-46D8-3F440CB9A637}.Debug|Any CPU.Build.0 = Debug|Any CPU
		{AB4F17BE-7502-0FB6-46D8-3F440CB9A637}.Release|Any CPU.ActiveCfg = Release|Any CPU
		{AB4F17BE-7502-0FB6-46D8-3F440CB9A637}.Release|Any CPU.Build.0 = Release|Any CPU
		{5A88F1E8-23CD-7FE3-CBBC-D66823061432}.Debug|Any CPU.ActiveCfg = Debug|Any CPU
		{5A88F1E8-23CD-7FE3-CBBC-D66823061432}.Debug|Any CPU.Build.0 = Debug|Any CPU
		{5A88F1E8-23CD-7FE3-CBBC-D66823061432}.Release|Any CPU.ActiveCfg = Release|Any CPU
		{5A88F1E8-23CD-7FE3-CBBC-D66823061432}.Release|Any CPU.Build.0 = Release|Any CPU
		{22897BBF-9514-BAA0-D735-5A4414A9DB22}.Debug|Any CPU.ActiveCfg = Debug|Any CPU
		{22897BBF-9514-BAA0-D735-5A4414A9DB22}.Debug|Any CPU.Build.0 = Debug|Any CPU
		{22897BBF-9514-BAA0-D735-5A4414A9DB22}.Release|Any CPU.ActiveCfg = Release|Any CPU
		{22897BBF-9514-BAA0-D735-5A4414A9DB22}.Release|Any CPU.Build.0 = Release|Any CPU
	EndGlobalSection
	GlobalSection(SolutionProperties) = preSolution
		HideSolutionNode = FALSE
	EndGlobalSection
	GlobalSection(NestedProjects) = preSolution
		{68378A35-C01C-4928-8332-4F5AC8BA719D} = {02EA681E-C7D8-13C7-8484-4AC65E1B71E8}
		{0D2FB412-38C9-D902-E2FE-B7E50AD084B3} = {68378A35-C01C-4928-8332-4F5AC8BA719D}
		{0D55A4B9-CF85-3F44-9750-AC548E50ABFB} = {68378A35-C01C-4928-8332-4F5AC8BA719D}
		{A80F247B-95C4-49B9-AD3F-9B37DBB04B53} = {02EA681E-C7D8-13C7-8484-4AC65E1B71E8}
		{7F2B6ABA-0126-D6D6-2A0B-FE33E277E356} = {A80F247B-95C4-49B9-AD3F-9B37DBB04B53}
		{C26F3942-F477-469D-A7A6-BB55CFD62A5F} = {02EA681E-C7D8-13C7-8484-4AC65E1B71E8}
		{CAF5E81E-AD38-1F19-D867-D0ABC3CB3E17} = {C26F3942-F477-469D-A7A6-BB55CFD62A5F}
		{EAE75DDB-091B-1C35-3EC1-62AEB76AD8A3} = {C26F3942-F477-469D-A7A6-BB55CFD62A5F}
		{640A8C13-A2AB-D026-AAC5-1228D7637FC5} = {C26F3942-F477-469D-A7A6-BB55CFD62A5F}
		{2A2D78F7-ECEC-B79A-8570-916705B5A07D} = {C26F3942-F477-469D-A7A6-BB55CFD62A5F}
		{06FD74D2-1ACF-5630-6BFC-4231ED6867A2} = {C26F3942-F477-469D-A7A6-BB55CFD62A5F}
		{3FE2431D-BF4A-40C6-9DF8-FBD18B1B847B} = {02EA681E-C7D8-13C7-8484-4AC65E1B71E8}
		{2B41BAA1-13C9-36C3-200D-F1B1BB78C9E9} = {3FE2431D-BF4A-40C6-9DF8-FBD18B1B847B}
		{739FA7A9-71BE-4A53-B84B-50B2D2C86777} = {02EA681E-C7D8-13C7-8484-4AC65E1B71E8}
		{B24E7F4C-3C8A-6CC7-EAFA-7EAAC8FC5298} = {739FA7A9-71BE-4A53-B84B-50B2D2C86777}
		{3DF511BB-FF9D-4D40-BAC4-0415CBFB0D9D} = {02EA681E-C7D8-13C7-8484-4AC65E1B71E8}
		{C516A0E0-8EBF-1C85-9A81-73FE81E68077} = {3DF511BB-FF9D-4D40-BAC4-0415CBFB0D9D}
		{B012CFC4-8B6E-43A0-9EDB-C4E2718D0159} = {02EA681E-C7D8-13C7-8484-4AC65E1B71E8}
		{65C01233-775F-47E7-88B2-4B9EE60B5525} = {02EA681E-C7D8-13C7-8484-4AC65E1B71E8}
		{A2ED73A9-E385-75DE-A9E2-943D7BD93E3C} = {65C01233-775F-47E7-88B2-4B9EE60B5525}
		{AB4F17BE-7502-0FB6-46D8-3F440CB9A637} = {65C01233-775F-47E7-88B2-4B9EE60B5525}
		{2961ABC0-FF89-4B98-B026-021077B699E0} = {02EA681E-C7D8-13C7-8484-4AC65E1B71E8}
		{5A88F1E8-23CD-7FE3-CBBC-D66823061432} = {2961ABC0-FF89-4B98-B026-021077B699E0}
		{22897BBF-9514-BAA0-D735-5A4414A9DB22} = {1A813532-6526-4F17-BD62-96FC6A570569}
	EndGlobalSection
	GlobalSection(ExtensibilityGlobals) = postSolution
		SolutionGuid = {C8E33EE5-F7DF-41F4-BB87-219FE2F81E3E}
	EndGlobalSection
EndGlobal
